
Microsoft Visual Studio Solution File, Format Version 12.00
# Visual Studio Version 17
VisualStudioVersion = 17.0.32112.339
MinimumVisualStudioVersion = 10.0.40219.1
Project("{9A19103F-16F7-4668-BE54-9A1E7A4F7556}") = "Catalog.API", "Services\Catalog\Catalog.API\Catalog.API.csproj", "{5E9AE011-1555-4259-B299-EDDE62349514}"
EndProject
Project("{2150E333-8FDC-42A3-9474-1A3956D46DE8}") = "Services", "Services", "{41E23019-D731-4508-95E5-99C1C87269FF}"
EndProject
Project("{2150E333-8FDC-42A3-9474-1A3956D46DE8}") = "Catalog", "Catalog", "{D1571699-C07B-4545-AAF0-E6C180F91FDC}"
EndProject
Project("{E53339B2-1760-4266-BCC7-CA923CBCF16C}") = "docker-compose", "docker-compose.dcproj", "{C2A5CA2E-61DD-4374-8307-FE2FE5DF11AC}"
EndProject
Project("{2150E333-8FDC-42A3-9474-1A3956D46DE8}") = "Basket", "Basket", "{40ED2E68-2795-449E-BCCB-48A7EBB3F98F}"
EndProject
Project("{9A19103F-16F7-4668-BE54-9A1E7A4F7556}") = "Basket.API", "Services\Basket\Basket.API\Basket.API.csproj", "{EFA7F968-9F21-406F-8370-CBA5E5ED83FB}"
EndProject
Project("{2150E333-8FDC-42A3-9474-1A3956D46DE8}") = "Discount", "Discount", "{94583F4F-ADBD-4292-9864-52F35A9C0F43}"
EndProject
Project("{9A19103F-16F7-4668-BE54-9A1E7A4F7556}") = "Discount.API", "Services\Discount\Discount.API\Discount.API.csproj", "{C1D099FB-8645-4F0B-BFB9-6711B2AD5830}"
EndProject
Project("{9A19103F-16F7-4668-BE54-9A1E7A4F7556}") = "Discount.Grpc", "Services\Discount\Discount.Grpc\Discount.Grpc.csproj", "{893BC3C5-0EAD-4159-AA67-86B9FB720851}"
EndProject
Project("{2150E333-8FDC-42A3-9474-1A3956D46DE8}") = "Ordering", "Ordering", "{022472A7-7FA0-4CC1-BE78-40BD080823F1}"
EndProject
Project("{FAE04EC0-301F-11D3-BF4B-00C04F79EFBC}") = "Ordering.API", "Services\Ordering\Ordering.API\Ordering.API.csproj", "{58C17C09-F0CE-4F18-A8AB-D6CD41DB0771}"
EndProject
Project("{FAE04EC0-301F-11D3-BF4B-00C04F79EFBC}") = "Ordering.Domain", "Services\Ordering\Ordering.Domain\Ordering.Domain.csproj", "{D0685097-464D-4D3D-B990-36E8E0DB12B1}"
EndProject
Project("{FAE04EC0-301F-11D3-BF4B-00C04F79EFBC}") = "Ordering.Application", "Services\Ordering\Ordering.Application\Ordering.Application.csproj", "{D528D94B-8EF3-4DED-8119-4CF907226974}"
EndProject
Project("{FAE04EC0-301F-11D3-BF4B-00C04F79EFBC}") = "Ordering.Infrastructure", "Services\Ordering\Ordering.Infrastructure\Ordering.Infrastructure.csproj", "{DF4DE02E-370F-4734-A2A0-FF524B40C0DF}"
EndProject
Global
	GlobalSection(SolutionConfigurationPlatforms) = preSolution
		Debug|Any CPU = Debug|Any CPU
		Release|Any CPU = Release|Any CPU
	EndGlobalSection
	GlobalSection(ProjectConfigurationPlatforms) = postSolution
		{5E9AE011-1555-4259-B299-EDDE62349514}.Debug|Any CPU.ActiveCfg = Debug|Any CPU
		{5E9AE011-1555-4259-B299-EDDE62349514}.Debug|Any CPU.Build.0 = Debug|Any CPU
		{5E9AE011-1555-4259-B299-EDDE62349514}.Release|Any CPU.ActiveCfg = Release|Any CPU
		{5E9AE011-1555-4259-B299-EDDE62349514}.Release|Any CPU.Build.0 = Release|Any CPU
		{C2A5CA2E-61DD-4374-8307-FE2FE5DF11AC}.Debug|Any CPU.ActiveCfg = Debug|Any CPU
		{C2A5CA2E-61DD-4374-8307-FE2FE5DF11AC}.Debug|Any CPU.Build.0 = Debug|Any CPU
		{C2A5CA2E-61DD-4374-8307-FE2FE5DF11AC}.Release|Any CPU.ActiveCfg = Release|Any CPU
		{C2A5CA2E-61DD-4374-8307-FE2FE5DF11AC}.Release|Any CPU.Build.0 = Release|Any CPU
		{EFA7F968-9F21-406F-8370-CBA5E5ED83FB}.Debug|Any CPU.ActiveCfg = Debug|Any CPU
		{EFA7F968-9F21-406F-8370-CBA5E5ED83FB}.Debug|Any CPU.Build.0 = Debug|Any CPU
		{EFA7F968-9F21-406F-8370-CBA5E5ED83FB}.Release|Any CPU.ActiveCfg = Release|Any CPU
		{EFA7F968-9F21-406F-8370-CBA5E5ED83FB}.Release|Any CPU.Build.0 = Release|Any CPU
		{C1D099FB-8645-4F0B-BFB9-6711B2AD5830}.Debug|Any CPU.ActiveCfg = Debug|Any CPU
		{C1D099FB-8645-4F0B-BFB9-6711B2AD5830}.Debug|Any CPU.Build.0 = Debug|Any CPU
		{C1D099FB-8645-4F0B-BFB9-6711B2AD5830}.Release|Any CPU.ActiveCfg = Release|Any CPU
		{C1D099FB-8645-4F0B-BFB9-6711B2AD5830}.Release|Any CPU.Build.0 = Release|Any CPU
		{893BC3C5-0EAD-4159-AA67-86B9FB720851}.Debug|Any CPU.ActiveCfg = Debug|Any CPU
		{893BC3C5-0EAD-4159-AA67-86B9FB720851}.Debug|Any CPU.Build.0 = Debug|Any CPU
		{893BC3C5-0EAD-4159-AA67-86B9FB720851}.Release|Any CPU.ActiveCfg = Release|Any CPU
		{893BC3C5-0EAD-4159-AA67-86B9FB720851}.Release|Any CPU.Build.0 = Release|Any CPU
		{58C17C09-F0CE-4F18-A8AB-D6CD41DB0771}.Debug|Any CPU.ActiveCfg = Debug|Any CPU
		{58C17C09-F0CE-4F18-A8AB-D6CD41DB0771}.Debug|Any CPU.Build.0 = Debug|Any CPU
		{58C17C09-F0CE-4F18-A8AB-D6CD41DB0771}.Release|Any CPU.ActiveCfg = Release|Any CPU
		{58C17C09-F0CE-4F18-A8AB-D6CD41DB0771}.Release|Any CPU.Build.0 = Release|Any CPU
		{D0685097-464D-4D3D-B990-36E8E0DB12B1}.Debug|Any CPU.ActiveCfg = Debug|Any CPU
		{D0685097-464D-4D3D-B990-36E8E0DB12B1}.Debug|Any CPU.Build.0 = Debug|Any CPU
		{D0685097-464D-4D3D-B990-36E8E0DB12B1}.Release|Any CPU.ActiveCfg = Release|Any CPU
		{D0685097-464D-4D3D-B990-36E8E0DB12B1}.Release|Any CPU.Build.0 = Release|Any CPU
		{D528D94B-8EF3-4DED-8119-4CF907226974}.Debug|Any CPU.ActiveCfg = Debug|Any CPU
		{D528D94B-8EF3-4DED-8119-4CF907226974}.Debug|Any CPU.Build.0 = Debug|Any CPU
		{D528D94B-8EF3-4DED-8119-4CF907226974}.Release|Any CPU.ActiveCfg = Release|Any CPU
		{D528D94B-8EF3-4DED-8119-4CF907226974}.Release|Any CPU.Build.0 = Release|Any CPU
		{DF4DE02E-370F-4734-A2A0-FF524B40C0DF}.Debug|Any CPU.ActiveCfg = Debug|Any CPU
		{DF4DE02E-370F-4734-A2A0-FF524B40C0DF}.Debug|Any CPU.Build.0 = Debug|Any CPU
		{DF4DE02E-370F-4734-A2A0-FF524B40C0DF}.Release|Any CPU.ActiveCfg = Release|Any CPU
		{DF4DE02E-370F-4734-A2A0-FF524B40C0DF}.Release|Any CPU.Build.0 = Release|Any CPU
	EndGlobalSection
	GlobalSection(SolutionProperties) = preSolution
		HideSolutionNode = FALSE
	EndGlobalSection
	GlobalSection(NestedProjects) = preSolution
		{5E9AE011-1555-4259-B299-EDDE62349514} = {D1571699-C07B-4545-AAF0-E6C180F91FDC}
		{D1571699-C07B-4545-AAF0-E6C180F91FDC} = {41E23019-D731-4508-95E5-99C1C87269FF}
		{40ED2E68-2795-449E-BCCB-48A7EBB3F98F} = {41E23019-D731-4508-95E5-99C1C87269FF}
		{EFA7F968-9F21-406F-8370-CBA5E5ED83FB} = {40ED2E68-2795-449E-BCCB-48A7EBB3F98F}
		{94583F4F-ADBD-4292-9864-52F35A9C0F43} = {41E23019-D731-4508-95E5-99C1C87269FF}
		{C1D099FB-8645-4F0B-BFB9-6711B2AD5830} = {94583F4F-ADBD-4292-9864-52F35A9C0F43}
		{893BC3C5-0EAD-4159-AA67-86B9FB720851} = {94583F4F-ADBD-4292-9864-52F35A9C0F43}
		{022472A7-7FA0-4CC1-BE78-40BD080823F1} = {41E23019-D731-4508-95E5-99C1C87269FF}
		{58C17C09-F0CE-4F18-A8AB-D6CD41DB0771} = {022472A7-7FA0-4CC1-BE78-40BD080823F1}
		{D0685097-464D-4D3D-B990-36E8E0DB12B1} = {022472A7-7FA0-4CC1-BE78-40BD080823F1}
		{D528D94B-8EF3-4DED-8119-4CF907226974} = {022472A7-7FA0-4CC1-BE78-40BD080823F1}
		{DF4DE02E-370F-4734-A2A0-FF524B40C0DF} = {022472A7-7FA0-4CC1-BE78-40BD080823F1}
	EndGlobalSection
	GlobalSection(ExtensibilityGlobals) = postSolution
		SolutionGuid = {282A280E-6490-4A5B-951A-F8EA2BA920A5}
	EndGlobalSection
EndGlobal
